# This file is automatically @generated by Cargo.
# It is not intended for manual editing.
version = 4

[[package]]
name = "p-ast"
version = "0.1.0"
dependencies = [
 "p-lexer",
 "p-parser",
]

[[package]]
name = "p-lexer"
version = "0.1.0"

[[package]]
name = "p-parser"
version = "0.1.0"
dependencies = [
 "p-lexer",
]

[[package]]
name = "p-sema"
version = "0.1.0"
dependencies = [
 "p-ast",
 "p-lexer",
 "p-parser",
]

[[package]]
name = "p-source"
version = "0.1.0"
dependencies = [
 "p-lexer",
]

[[package]]
name = "p-typeck"
version = "0.1.0"

[[package]]
name = "p-types"
version = "0.1.0"
